
Microsoft Visual Studio Solution File, Format Version 12.00
# Visual Studio Version 17
VisualStudioVersion = 17.9.34616.47
MinimumVisualStudioVersion = 10.0.40219.1
Project("{FAE04EC0-301F-11D3-BF4B-00C04F79EFBC}") = "SomaDigitos", "SomaDigitos\SomaDigitos.csproj", "{C6726A4D-9F46-409C-991D-DA51E72191DE}"
EndProject
Global
	GlobalSection(SolutionConfigurationPlatforms) = preSolution
		Debug|Any CPU = Debug|Any CPU
		Release|Any CPU = Release|Any CPU
	EndGlobalSection
	GlobalSection(ProjectConfigurationPlatforms) = postSolution
		{C6726A4D-9F46-409C-991D-DA51E72191DE}.Debug|Any CPU.ActiveCfg = Debug|Any CPU
		{C6726A4D-9F46-409C-991D-DA51E72191DE}.Debug|Any CPU.Build.0 = Debug|Any CPU
		{C6726A4D-9F46-409C-991D-DA51E72191DE}.Release|Any CPU.ActiveCfg = Release|Any CPU
		{C6726A4D-9F46-409C-991D-DA51E72191DE}.Release|Any CPU.Build.0 = Release|Any CPU
	EndGlobalSection
	GlobalSection(SolutionProperties) = preSolution
		HideSolutionNode = FALSE
	EndGlobalSection
	GlobalSection(ExtensibilityGlobals) = postSolution
		SolutionGuid = {74326FBD-29F5-489F-A141-04E13FD3069F}
	EndGlobalSection
EndGlobal
